<?xml version="1.0" encoding="utf-8"?>
<Project ToolsVersion="16.0" xmlns="http://schemas.microsoft.com/developer/msbuild/2003">
  <ItemGroup>
    <ClCompile Include="E:\dev\Snake\Snake\src\Main.cpp">
      <Filter>Source Files</Filter>
    </ClCompile>
    <ClCompile Include="E:\dev\Snake\Snake\src\Input\InputManager.cpp">
      <Filter>Source Files</Filter>
    </ClCompile>
    <ClCompile Include="E:\dev\Snake\Snake\src\Interface\imgui\imgui.cpp">
      <Filter>Source Files</Filter>
    </ClCompile>
    <ClCompile Include="E:\dev\Snake\Snake\src\Interface\imgui\imgui_draw.cpp">
      <Filter>Source Files</Filter>
    </ClCompile>
    <ClCompile Include="E:\dev\Snake\Snake\src\Interface\imgui\imgui_impl_glfw.cpp">
      <Filter>Source Files</Filter>
    </ClCompile>
    <ClCompile Include="E:\dev\Snake\Snake\src\Interface\imgui\imgui_impl_opengl3.cpp">
      <Filter>Source Files</Filter>
    </ClCompile>
    <ClCompile Include="E:\dev\Snake\Snake\src\Interface\imgui\imgui_widgets.cpp">
      <Filter>Source Files</Filter>
    </ClCompile>
    <ClCompile Include="E:\dev\Snake\Snake\src\Model\Import\tinygltfimpl.cpp">
      <Filter>Source Files</Filter>
    </ClCompile>
    <ClCompile Include="E:\dev\Snake\Snake\src\Model\Import\GltfImporter.cpp">
      <Filter>Source Files</Filter>
    </ClCompile>
  </ItemGroup>
  <ItemGroup>
    <ClInclude Include="E:\dev\Snake\Snake\src\Camera.h">
      <Filter>Header Files</Filter>
    </ClInclude>
    <ClInclude Include="E:\dev\Snake\Snake\src\Application.h">
      <Filter>Header Files</Filter>
    </ClInclude>
    <ClInclude Include="E:\dev\Snake\Snake\src\Common\Helper.h">
      <Filter>Header Files</Filter>
    </ClInclude>
    <ClInclude Include="E:\dev\Snake\Snake\src\Components.h">
      <Filter>Header Files</Filter>
    </ClInclude>
    <ClInclude Include="E:\dev\Snake\Snake\src\FileSystem\File.h">
      <Filter>Header Files</Filter>
    </ClInclude>
    <ClInclude Include="E:\dev\Snake\Snake\src\Graphics\IndexBuffer.h">
      <Filter>Header Files</Filter>
    </ClInclude>
    <ClInclude Include="E:\dev\Snake\Snake\src\Interface\imgui\imconfig.h">
      <Filter>Header Files</Filter>
    </ClInclude>
    <ClInclude Include="E:\dev\Snake\Snake\src\Interface\imgui\imgui.h">
      <Filter>Header Files</Filter>
    </ClInclude>
    <ClInclude Include="E:\dev\Snake\Snake\src\Interface\imgui\imgui_impl_glfw.h">
      <Filter>Header Files</Filter>
    </ClInclude>
    <ClInclude Include="E:\dev\Snake\Snake\src\Interface\imgui\imgui_impl_opengl3.h">
      <Filter>Header Files</Filter>
    </ClInclude>
    <ClInclude Include="E:\dev\Snake\Snake\src\Interface\imgui\imgui_internal.h">
      <Filter>Header Files</Filter>
    </ClInclude>
    <ClInclude Include="E:\dev\Snake\Snake\src\Interface\imgui\imstb_rectpack.h">
      <Filter>Header Files</Filter>
    </ClInclude>
    <ClInclude Include="E:\dev\Snake\Snake\src\Interface\imgui\imstb_textedit.h">
      <Filter>Header Files</Filter>
    </ClInclude>
    <ClInclude Include="E:\dev\Snake\Snake\src\Interface\imgui\imstb_truetype.h">
      <Filter>Header Files</Filter>
    </ClInclude>
    <ClInclude Include="E:\dev\Snake\Snake\src\Interface\MainInterface.h">
      <Filter>Header Files</Filter>
    </ClInclude>
    <ClInclude Include="E:\dev\Snake\Snake\src\Model\Animation.h">
      <Filter>Header Files</Filter>
    </ClInclude>
    <ClInclude Include="E:\dev\Snake\Snake\src\Model\ImportData.h">
      <Filter>Header Files</Filter>
    </ClInclude>
    <ClInclude Include="E:\dev\Snake\Snake\src\Model\Import\GltfImporter.h">
      <Filter>Header Files</Filter>
    </ClInclude>
    <ClInclude Include="E:\dev\Snake\Snake\src\Model\Material.h">
      <Filter>Header Files</Filter>
    </ClInclude>
    <ClInclude Include="E:\dev\Snake\Snake\src\Model\Model.h">
      <Filter>Header Files</Filter>
    </ClInclude>
    <ClInclude Include="E:\dev\Snake\Snake\src\Quad.h">
      <Filter>Header Files</Filter>
    </ClInclude>
    <ClInclude Include="E:\dev\Snake\Snake\src\Registry.h">
      <Filter>Header Files</Filter>
    </ClInclude>
    <ClInclude Include="E:\dev\Snake\Snake\src\RenderSystem.h">
      <Filter>Header Files</Filter>
    </ClInclude>
    <ClInclude Include="E:\dev\Snake\Snake\src\Input\InputManager.h">
      <Filter>Header Files</Filter>
    </ClInclude>
    <ClInclude Include="E:\dev\Snake\Snake\src\Graphics\ShaderBuffer.h">
      <Filter>Header Files</Filter>
    </ClInclude>
    <ClInclude Include="E:\dev\Snake\Snake\src\Graphics\ShaderInputLayout.h">
      <Filter>Header Files</Filter>
    </ClInclude>
    <ClInclude Include="E:\dev\Snake\Snake\src\Graphics\ShaderPipeline.h">
      <Filter>Header Files</Filter>
    </ClInclude>
    <ClInclude Include="E:\dev\Snake\Snake\src\Graphics\Texture.h">
      <Filter>Header Files</Filter>
    </ClInclude>
    <ClInclude Include="E:\dev\Snake\Snake\src\Graphics\vertex.h">
      <Filter>Header Files</Filter>
    </ClInclude>
    <ClInclude Include="E:\dev\Snake\Snake\src\Graphics\VertexBuffer.h">
      <Filter>Header Files</Filter>
    </ClInclude>
  </ItemGroup>
  <ItemGroup>
    <CustomBuild Include="E:\dev\Snake\CMakeLists.txt" />
  </ItemGroup>
  <ItemGroup>
    <Filter Include="Header Files">
      <UniqueIdentifier>{4BDDFFEA-20BA-3280-9045-88AA5DD0212A}</UniqueIdentifier>
    </Filter>
    <Filter Include="Source Files">
      <UniqueIdentifier>{28A5E258-25E4-3484-84F4-DB228337793F}</UniqueIdentifier>
    </Filter>
  </ItemGroup>
</Project>
