<?xml version="1.0" encoding="utf-8"?>
<Project ToolsVersion="16.0" xmlns="http://schemas.microsoft.com/developer/msbuild/2003">
  <ItemGroup>
    <CustomBuild Include="E:\dev\Snake\CMakeFiles\498e169ab45151322bb2a31230e6cc6c\generate.stamp.rule">
      <Filter>CMake Rules</Filter>
    </CustomBuild>
  </ItemGroup>
  <ItemGroup>
    <Filter Include="CMake Rules">
      <UniqueIdentifier>{2AACF072-B67C-3CED-97C2-01BCDE66F2BB}</UniqueIdentifier>
    </Filter>
  </ItemGroup>
</Project>
